
Microsoft Visual Studio Solution File, Format Version 12.00
# Visual Studio Version 16
VisualStudioVersion = 16.0.29411.138
MinimumVisualStudioVersion = 10.0.40219.1
Project("{8BC9CEB8-8B4A-11D0-8D11-00A0C91BC942}") = "MediaSdk.ProcessDuplicate.DwmEx", "MediaSdk.ProcessDuplicate.DwmEx\MediaSdk.ProcessDuplicate.DwmEx.vcxproj", "{4084B675-C560-446D-A79A-76ED0AC18478}"
EndProject
Project("{FAE04EC0-301F-11D3-BF4B-00C04F79EFBC}") = "MediaSdk.ProcessDuplicate.Client", "MediaSdk.ProcessDuplicate.Client\MediaSdk.ProcessDuplicate.Client.csproj", "{8593B6FB-86EF-4906-BF1B-5EF43BC25A4B}"
EndProject
Global
	GlobalSection(SolutionConfigurationPlatforms) = preSolution
		Debug|Any CPU = Debug|Any CPU
		Debug|x64 = Debug|x64
		Debug|x86 = Debug|x86
		Release|Any CPU = Release|Any CPU
		Release|x64 = Release|x64
		Release|x86 = Release|x86
	EndGlobalSection
	GlobalSection(ProjectConfigurationPlatforms) = postSolution
		{4084B675-C560-446D-A79A-76ED0AC18478}.Debug|Any CPU.ActiveCfg = Debug|Win32
		{4084B675-C560-446D-A79A-76ED0AC18478}.Debug|x64.ActiveCfg = Debug|x64
		{4084B675-C560-446D-A79A-76ED0AC18478}.Debug|x64.Build.0 = Debug|x64
		{4084B675-C560-446D-A79A-76ED0AC18478}.Debug|x86.ActiveCfg = Debug|Win32
		{4084B675-C560-446D-A79A-76ED0AC18478}.Debug|x86.Build.0 = Debug|Win32
		{4084B675-C560-446D-A79A-76ED0AC18478}.Release|Any CPU.ActiveCfg = Release|Win32
		{4084B675-C560-446D-A79A-76ED0AC18478}.Release|x64.ActiveCfg = Release|x64
		{4084B675-C560-446D-A79A-76ED0AC18478}.Release|x64.Build.0 = Release|x64
		{4084B675-C560-446D-A79A-76ED0AC18478}.Release|x86.ActiveCfg = Release|Win32
		{4084B675-C560-446D-A79A-76ED0AC18478}.Release|x86.Build.0 = Release|Win32
		{8593B6FB-86EF-4906-BF1B-5EF43BC25A4B}.Debug|Any CPU.ActiveCfg = Debug|Any CPU
		{8593B6FB-86EF-4906-BF1B-5EF43BC25A4B}.Debug|Any CPU.Build.0 = Debug|Any CPU
		{8593B6FB-86EF-4906-BF1B-5EF43BC25A4B}.Debug|x64.ActiveCfg = Debug|x64
		{8593B6FB-86EF-4906-BF1B-5EF43BC25A4B}.Debug|x64.Build.0 = Debug|x64
		{8593B6FB-86EF-4906-BF1B-5EF43BC25A4B}.Debug|x86.ActiveCfg = Debug|Any CPU
		{8593B6FB-86EF-4906-BF1B-5EF43BC25A4B}.Debug|x86.Build.0 = Debug|Any CPU
		{8593B6FB-86EF-4906-BF1B-5EF43BC25A4B}.Release|Any CPU.ActiveCfg = Release|Any CPU
		{8593B6FB-86EF-4906-BF1B-5EF43BC25A4B}.Release|Any CPU.Build.0 = Release|Any CPU
		{8593B6FB-86EF-4906-BF1B-5EF43BC25A4B}.Release|x64.ActiveCfg = Release|Any CPU
		{8593B6FB-86EF-4906-BF1B-5EF43BC25A4B}.Release|x64.Build.0 = Release|Any CPU
		{8593B6FB-86EF-4906-BF1B-5EF43BC25A4B}.Release|x86.ActiveCfg = Release|Any CPU
		{8593B6FB-86EF-4906-BF1B-5EF43BC25A4B}.Release|x86.Build.0 = Release|Any CPU
	EndGlobalSection
	GlobalSection(SolutionProperties) = preSolution
		HideSolutionNode = FALSE
	EndGlobalSection
	GlobalSection(ExtensibilityGlobals) = postSolution
		SolutionGuid = {9D8C7500-A102-40C5-8709-345C58F36B03}
	EndGlobalSection
EndGlobal
