<?xml version="1.0" encoding="utf-8"?>
<Project ToolsVersion="4.0" xmlns="http://schemas.microsoft.com/developer/msbuild/2003">
  <ItemGroup>
    <Filter Include="Source Files">
      <UniqueIdentifier>{4FC737F1-C7A5-4376-A066-2A32D752A2FF}</UniqueIdentifier>
      <Extensions>cpp;c;cc;cxx;def;odl;idl;hpj;bat;asm;asmx</Extensions>
    </Filter>
    <Filter Include="Header Files">
      <UniqueIdentifier>{93995380-89BD-4b04-88EB-625FBE52EBFB}</UniqueIdentifier>
      <Extensions>h;hh;hpp;hxx;hm;inl;inc;ipp;xsd</Extensions>
    </Filter>
    <Filter Include="Resource Files">
      <UniqueIdentifier>{67DA6AB6-F800-4c08-8B7A-83BB121AAD01}</UniqueIdentifier>
      <Extensions>rc;ico;cur;bmp;dlg;rc2;rct;bin;rgs;gif;jpg;jpeg;jpe;resx;tiff;tif;png;wav;mfcribbon-ms</Extensions>
    </Filter>
    <Filter Include="Header Files\Media">
      <UniqueIdentifier>{411c71b9-1cfd-46ac-adb7-9bf5c6189934}</UniqueIdentifier>
    </Filter>
    <Filter Include="Source Files\Media">
      <UniqueIdentifier>{6ea55766-1305-4d7f-abaf-7b87d2bf2a7d}</UniqueIdentifier>
    </Filter>
    <Filter Include="Header Files\Common">
      <UniqueIdentifier>{7c7c974f-cbba-4f9c-80ad-662d29db8261}</UniqueIdentifier>
    </Filter>
    <Filter Include="Source Files\Common">
      <UniqueIdentifier>{54370267-5310-4986-919e-df85024e531c}</UniqueIdentifier>
    </Filter>
    <Filter Include="Header Files\Control">
      <UniqueIdentifier>{31be2883-586a-40c4-812e-830c4ce5d38b}</UniqueIdentifier>
    </Filter>
    <Filter Include="Source Files\Control">
      <UniqueIdentifier>{4cc8b9f1-6772-45b8-bb4a-1f049957802f}</UniqueIdentifier>
    </Filter>
  </ItemGroup>
  <ItemGroup>
    <ClInclude Include="Resource.h">
      <Filter>Header Files</Filter>
    </ClInclude>
    <ClInclude Include="pch.h">
      <Filter>Header Files</Filter>
    </ClInclude>
    <ClInclude Include="ProcessDuplicateManager.h">
      <Filter>Header Files</Filter>
    </ClInclude>
    <ClInclude Include="MediaClock.h">
      <Filter>Header Files\Media</Filter>
    </ClInclude>
    <ClInclude Include="DwmEx.h">
      <Filter>Header Files\Common</Filter>
    </ClInclude>
    <ClInclude Include="Util.h">
      <Filter>Header Files\Common</Filter>
    </ClInclude>
    <ClInclude Include="D3D11Image.h">
      <Filter>Header Files\Control</Filter>
    </ClInclude>
    <ClInclude Include="SurfaceQueueInteropHelper.h">
      <Filter>Header Files\Control</Filter>
    </ClInclude>
    <ClInclude Include="SurfaceQueue.h">
      <Filter>Header Files\Control</Filter>
    </ClInclude>
    <ClInclude Include="SurfaceQueueImpl.h">
      <Filter>Header Files\Control</Filter>
    </ClInclude>
    <ClInclude Include="ProcessRender.h">
      <Filter>Header Files\Control</Filter>
    </ClInclude>
    <ClInclude Include="CCube.h">
      <Filter>Header Files</Filter>
    </ClInclude>
    <ClInclude Include="ProcessConfiguration.h">
      <Filter>Header Files</Filter>
    </ClInclude>
    <ClInclude Include="WindowMessageInject.h">
      <Filter>Header Files\Common</Filter>
    </ClInclude>
    <ClInclude Include="MessageWindow.h">
      <Filter>Header Files</Filter>
    </ClInclude>
  </ItemGroup>
  <ItemGroup>
    <ClCompile Include="AssemblyInfo.cpp">
      <Filter>Source Files</Filter>
    </ClCompile>
    <ClCompile Include="pch.cpp">
      <Filter>Source Files</Filter>
    </ClCompile>
    <ClCompile Include="ProcessDuplicateManager.cpp">
      <Filter>Source Files</Filter>
    </ClCompile>
    <ClCompile Include="MediaClock.cpp">
      <Filter>Source Files\Media</Filter>
    </ClCompile>
    <ClCompile Include="DwmEx.cpp">
      <Filter>Source Files\Common</Filter>
    </ClCompile>
    <ClCompile Include="Util.cpp">
      <Filter>Source Files\Common</Filter>
    </ClCompile>
    <ClCompile Include="D3D11Image.cpp">
      <Filter>Source Files\Control</Filter>
    </ClCompile>
    <ClCompile Include="SurfaceQueueInteropHelper.cpp">
      <Filter>Source Files\Control</Filter>
    </ClCompile>
    <ClCompile Include="SurfaceQueue.cpp">
      <Filter>Source Files\Control</Filter>
    </ClCompile>
    <ClCompile Include="SurfaceDevice9.cpp">
      <Filter>Header Files\Control</Filter>
    </ClCompile>
    <ClCompile Include="SurfaceDevice10.cpp">
      <Filter>Header Files\Control</Filter>
    </ClCompile>
    <ClCompile Include="SurfaceDevice11.cpp">
      <Filter>Header Files\Control</Filter>
    </ClCompile>
    <ClCompile Include="ProcessRender.cpp">
      <Filter>Source Files\Control</Filter>
    </ClCompile>
    <ClCompile Include="CCube.cpp">
      <Filter>Source Files</Filter>
    </ClCompile>
    <ClCompile Include="ProcessConfiguration.cpp">
      <Filter>Source Files</Filter>
    </ClCompile>
    <ClCompile Include="WindowMessageInject.cpp">
      <Filter>Source Files\Common</Filter>
    </ClCompile>
    <ClCompile Include="MessageWindow.cpp">
      <Filter>Source Files</Filter>
    </ClCompile>
  </ItemGroup>
  <ItemGroup>
    <ResourceCompile Include="app.rc">
      <Filter>Resource Files</Filter>
    </ResourceCompile>
  </ItemGroup>
  <ItemGroup>
    <Image Include="app.ico">
      <Filter>Resource Files</Filter>
    </Image>
  </ItemGroup>
  <ItemGroup>
    <None Include="SurfaceQueue.inl">
      <Filter>Header Files\Control</Filter>
    </None>
  </ItemGroup>
  <ItemGroup>
    <CopyFileToFolders Include="PixelShader.hlsl">
      <Filter>Resource Files</Filter>
    </CopyFileToFolders>
  </ItemGroup>
</Project>